
Microsoft Visual Studio Solution File, Format Version 12.00
# Visual Studio Version 17
VisualStudioVersion = 17.14.37027.9
MinimumVisualStudioVersion = 10.0.40219.1
Project("{FAE04EC0-301F-11D3-BF4B-00C04F79EFBC}") = "StudentManagementSystem", "StudentManagementSystem\StudentManagementSystem.csproj", "{A6CB06A8-87F2-4BC4-9DCB-09619316F444}"
EndProject
Global
	GlobalSection(SolutionConfigurationPlatforms) = preSolution
		Debug|Any CPU = Debug|Any CPU
		Release|Any CPU = Release|Any CPU
	EndGlobalSection
	GlobalSection(ProjectConfigurationPlatforms) = postSolution
		{A6CB06A8-87F2-4BC4-9DCB-09619316F444}.Debug|Any CPU.ActiveCfg = Debug|Any CPU
		{A6CB06A8-87F2-4BC4-9DCB-09619316F444}.Debug|Any CPU.Build.0 = Debug|Any CPU
		{A6CB06A8-87F2-4BC4-9DCB-09619316F444}.Release|Any CPU.ActiveCfg = Release|Any CPU
		{A6CB06A8-87F2-4BC4-9DCB-09619316F444}.Release|Any CPU.Build.0 = Release|Any CPU
	EndGlobalSection
	GlobalSection(SolutionProperties) = preSolution
		HideSolutionNode = FALSE
	EndGlobalSection
	GlobalSection(ExtensibilityGlobals) = postSolution
		SolutionGuid = {B51D4726-D529-4E6F-A32A-1C2486F903AE}
	EndGlobalSection
EndGlobal
